<?xml version="1.0" encoding="utf-8"?>
<Project ToolsVersion="4.0" xmlns="http://schemas.microsoft.com/developer/msbuild/2003">
  <ItemGroup>
    <Filter Include="src">
      <UniqueIdentifier>{4FC737F1-C7A5-4376-A066-2A32D752A2FF}</UniqueIdentifier>
    </Filter>
    <Filter Include="src\shape">
      <UniqueIdentifier>{93995380-89BD-4b04-88EB-625FBE52EBFB}</UniqueIdentifier>
    </Filter>
    <Filter Include="src\integrator">
      <UniqueIdentifier>{67DA6AB6-F800-4c08-8B7A-83BB121AAD01}</UniqueIdentifier>
    </Filter>
    <Filter Include="src\collision">
      <UniqueIdentifier>{48813738-03b8-4701-987d-48bcd9444531}</UniqueIdentifier>
    </Filter>
    <Filter Include="src\compute">
      <UniqueIdentifier>{0ec91900-7759-4f59-b73e-b425b89fa64c}</UniqueIdentifier>
    </Filter>
    <Filter Include="src\compute\interop">
      <UniqueIdentifier>{4f1e4d0f-8e92-407d-9153-9a29d8e663c6}</UniqueIdentifier>
    </Filter>
    <Filter Include="src\rigid_body">
      <UniqueIdentifier>{E4F5A6B7-C8D9-E0F1-A2B3-C4D5E6F7A8B9}</UniqueIdentifier>
    </Filter>
    <Filter Include="src\utility">
      <UniqueIdentifier>{A6B7C8D9-E0F1-A2B3-C4D5-E6F7A8B9C0D1}</UniqueIdentifier>
    </Filter>
    <Filter Include="src\materials">
      <UniqueIdentifier>{D3E4F5A6-B7C8-D9E0-F1A2-B3C4D5E6F7A8}</UniqueIdentifier>
    </Filter>
    <Filter Include="src\diagnostics">
      <UniqueIdentifier>{e01f84db-e905-41c2-8d06-1600f8872c94}</UniqueIdentifier>
    </Filter>
    <Filter Include="src\buoyancy">
      <UniqueIdentifier>{c76d630e-0e6d-42eb-92b3-cdd6fca41b68}</UniqueIdentifier>
    </Filter>
    <Filter Include="src\constraint">
      <UniqueIdentifier>{b7807510-dde7-4b37-9ad1-1a36ef805e57}</UniqueIdentifier>
    </Filter>
    <Filter Include="src\articulation">
      <UniqueIdentifier>{4be09e2a-dd5a-467d-b35a-b8c9817300b8}</UniqueIdentifier>
    </Filter>
  </ItemGroup>
  <ItemGroup>
    <ClCompile Include="src\articulation\articulation.cpp">
      <Filter>src\articulation</Filter>
    </ClCompile>
    <ClCompile Include="src\articulation\articulation_desc.cpp">
      <Filter>src\articulation</Filter>
    </ClCompile>
    <ClCompile Include="src\articulation\articulation_dynamics.cpp">
      <Filter>src\articulation</Filter>
    </ClCompile>
    <ClCompile Include="src\articulation\articulation_kinematics.cpp">
      <Filter>src\articulation</Filter>
    </ClCompile>
    <ClCompile Include="src\buoyancy\gpu_buoyancy.cpp">
      <Filter>src\buoyancy</Filter>
    </ClCompile>
    <ClCompile Include="src\shape\inertia.cpp">
      <Filter>src\shape</Filter>
    </ClCompile>
    <ClCompile Include="src\integrator\impulse.cpp">
      <Filter>src\integrator</Filter>
    </ClCompile>
    <ClCompile Include="src\integrator\engine.cpp">
      <Filter>src\integrator</Filter>
    </ClCompile>
    <ClCompile Include="src\integrator\integrator.cpp">
      <Filter>src\integrator</Filter>
    </ClCompile>
    <ClCompile Include="src\collision\contact.cpp">
      <Filter>src\collision</Filter>
    </ClCompile>
    <ClCompile Include="src\collision\broadphase_brute.cpp">
      <Filter>src\collision</Filter>
    </ClCompile>
    <ClCompile Include="src\constraint\constraint_compiler.cpp">
      <Filter>src\constraint</Filter>
    </ClCompile>
    <ClCompile Include="src\constraint\constraint_desc.cpp">
      <Filter>src\constraint</Filter>
    </ClCompile>
    <ClCompile Include="src\constraint\constraint_set.cpp">
      <Filter>src\constraint</Filter>
    </ClCompile>
    <ClCompile Include="src\constraint\constraint_solver.cpp">
      <Filter>src\constraint</Filter>
    </ClCompile>
    <ClCompile Include="src\compute\collide_gpu.cpp">
      <Filter>src\compute</Filter>
    </ClCompile>
    <ClCompile Include="src\compute\interop\resolve_interop_runner.cpp">
      <Filter>src\compute\interop</Filter>
    </ClCompile>
    <ClCompile Include="src\compute\integrate_gpu.cpp">
      <Filter>src\compute</Filter>
    </ClCompile>
    <ClCompile Include="src\compute\frame_output_gpu.cpp">
      <Filter>src\compute</Filter>
    </ClCompile>
    <ClCompile Include="src\compute\resolve_gpu.cpp">
      <Filter>src\compute</Filter>
    </ClCompile>
    <ClCompile Include="src\compute\selective_gpu.cpp">
      <Filter>src\compute</Filter>
    </ClCompile>
    <ClCompile Include="src\compute\shader_code.cpp">
      <Filter>src\compute</Filter>
    </ClCompile>
    <ClCompile Include="src\compute\sleep_gpu.cpp">
      <Filter>src\compute</Filter>
    </ClCompile>
    <ClCompile Include="src\compute\sweep_gpu.cpp">
      <Filter>src\compute</Filter>
    </ClCompile>
    <ClCompile Include="src\rigid_body\rigid_body.cpp">
      <Filter>src\rigid_body</Filter>
    </ClCompile>
  </ItemGroup>
  <ItemGroup>
    <ClInclude Include="$(RylogicRoot)include\pr\physics\articulation\articulation.h">
      <Filter>src\articulation</Filter>
    </ClInclude>
    <ClInclude Include="$(RylogicRoot)include\pr\physics\articulation\articulation_desc.h">
      <Filter>src\articulation</Filter>
    </ClInclude>
    <ClInclude Include="$(RylogicRoot)include\pr\physics\articulation\articulation_ids.h">
      <Filter>src\articulation</Filter>
    </ClInclude>
    <ClInclude Include="src\articulation\articulation_internal.h">
      <Filter>src\articulation</Filter>
    </ClInclude>
    <ClInclude Include="$(RylogicRoot)include\pr\physics\rigid_body\rigid_body.h">
      <Filter>src\rigid_body</Filter>
    </ClInclude>
    <ClInclude Include="$(RylogicRoot)include\pr\physics\buoyancy\buoyancy_primitives.h">
      <Filter>src\buoyancy</Filter>
    </ClInclude>
    <ClInclude Include="$(RylogicRoot)include\pr\physics\buoyancy\gpu_buoyancy.h">
      <Filter>src\buoyancy</Filter>
    </ClInclude>
    <ClInclude Include="$(RylogicRoot)include\pr\physics\utility\field.h">
      <Filter>src\utility</Filter>
    </ClInclude>
    <ClInclude Include="$(RylogicRoot)include\pr\physics\utility\ldraw.h">
      <Filter>src\utility</Filter>
    </ClInclude>
    <ClInclude Include="$(RylogicRoot)include\pr\physics\utility\misc.h">
      <Filter>src\utility</Filter>
    </ClInclude>
    <ClInclude Include="$(RylogicRoot)include\pr\physics\integrator\engine.h">
      <Filter>src\integrator</Filter>
    </ClInclude>
    <ClInclude Include="$(RylogicRoot)include\pr\physics\integrator\impulse.h">
      <Filter>src\integrator</Filter>
    </ClInclude>
    <ClInclude Include="$(RylogicRoot)include\pr\physics\integrator\integrator.h">
      <Filter>src\integrator</Filter>
    </ClInclude>
    <ClInclude Include="$(RylogicRoot)include\pr\physics\integrator\jacobian.h">
      <Filter>src\integrator</Filter>
    </ClInclude>
    <ClInclude Include="$(RylogicRoot)include\pr\physics\shape\inertia.h">
      <Filter>src\shape</Filter>
    </ClInclude>
    <ClInclude Include="$(RylogicRoot)include\pr\physics\shape\mass.h">
      <Filter>src\shape</Filter>
    </ClInclude>
    <ClInclude Include="$(RylogicRoot)include\pr\physics\shape\shape_builder.h">
      <Filter>src\shape</Filter>
    </ClInclude>
    <ClInclude Include="$(RylogicRoot)include\pr\physics\shape\shape_mass.h">
      <Filter>src\shape</Filter>
    </ClInclude>
    <ClInclude Include="$(RylogicRoot)include\pr\physics\constants.h">
      <Filter>src</Filter>
    </ClInclude>
    <ClInclude Include="$(RylogicRoot)include\pr\physics\constraint\constraint_desc.h">
      <Filter>src\constraint</Filter>
    </ClInclude>
    <ClInclude Include="$(RylogicRoot)include\pr\physics\constraint\constraint_ids.h">
      <Filter>src\constraint</Filter>
    </ClInclude>
    <ClInclude Include="$(RylogicRoot)include\pr\physics\constraint\constraint_set.h">
      <Filter>src\constraint</Filter>
    </ClInclude>
    <ClInclude Include="$(RylogicRoot)include\pr\physics\forward.h">
      <Filter>src</Filter>
    </ClInclude>
    <ClInclude Include="$(RylogicRoot)include\pr\physics\physics.h">
      <Filter>src</Filter>
    </ClInclude>
    <ClInclude Include="src\utility\gpu.h">
      <Filter>src\utility</Filter>
    </ClInclude>
    <ClInclude Include="src\collision\shape_cache.h">
      <Filter>src\collision</Filter>
    </ClInclude>
    <ClInclude Include="src\constraint\constraint_compiler.h">
      <Filter>src\constraint</Filter>
    </ClInclude>
    <ClInclude Include="src\constraint\constraint_solver.h">
      <Filter>src\constraint</Filter>
    </ClInclude>
    <ClInclude Include="src\materials\material_map.h">
      <Filter>src\materials</Filter>
    </ClInclude>
    <ClInclude Include="src\compute\physics_types.h">
      <Filter>src\compute</Filter>
    </ClInclude>
    <ClInclude Include="src\compute\collide_gpu.h">
      <Filter>src\compute</Filter>
    </ClInclude>
    <ClInclude Include="src\compute\interop\resolve_runner.h">
      <Filter>src\compute\interop</Filter>
    </ClInclude>
    <ClInclude Include="src\compute\integrate_gpu.h">
      <Filter>src\compute</Filter>
    </ClInclude>
    <ClInclude Include="src\compute\frame_output_gpu.h">
      <Filter>src\compute</Filter>
    </ClInclude>
    <ClInclude Include="src\compute\resolve_gpu.h">
      <Filter>src\compute</Filter>
    </ClInclude>
    <ClInclude Include="src\compute\selective_gpu.h">
      <Filter>src\compute</Filter>
    </ClInclude>
    <ClInclude Include="src\compute\shader_code.h">
      <Filter>src\compute</Filter>
    </ClInclude>
    <ClInclude Include="src\compute\sleep_gpu.h">
      <Filter>src\compute</Filter>
    </ClInclude>
    <ClInclude Include="src\compute\sweep_gpu.h">
      <Filter>src\compute</Filter>
    </ClInclude>
    <ClInclude Include="src\diagnostics\physics_log.h">
      <Filter>src\diagnostics</Filter>
    </ClInclude>
    <ClInclude Include="src\diagnostics\dbg_physics.h">
      <Filter>src\diagnostics</Filter>
    </ClInclude>
    <ClInclude Include="src\integrator\engine_buffer_cache.h">
      <Filter>src\integrator</Filter>
    </ClInclude>
    <ClInclude Include="$(RylogicRoot)include\pr\physics\diagnostics\body_history.h">
      <Filter>src\diagnostics</Filter>
    </ClInclude>
    <ClInclude Include="$(RylogicRoot)include\pr\physics\collision\broadphase_brute.h">
      <Filter>src\collision</Filter>
    </ClInclude>
    <ClInclude Include="$(RylogicRoot)include\pr\physics\collision\contact.h">
      <Filter>src\collision</Filter>
    </ClInclude>
    <ClInclude Include="$(RylogicRoot)include\pr\physics\integrator\engine_config.h">
      <Filter>src\integrator</Filter>
    </ClInclude>
    <ClInclude Include="$(RylogicRoot)include\pr\physics\integrator\contact_priority.h">
      <Filter>src\integrator</Filter>
    </ClInclude>
    <ClInclude Include="$(RylogicRoot)include\pr\physics\materials\material.h">
      <Filter>src\materials</Filter>
    </ClInclude>
    <ClInclude Include="$(RylogicRoot)include\pr\physics\rigid_body\state_flags.h">
      <Filter>src\rigid_body</Filter>
    </ClInclude>
    <ClInclude Include="..\..\..\include\pr\physics\rigid_body\sleep_data.h">
      <Filter>src\rigid_body</Filter>
    </ClInclude>
    <ClInclude Include="src\buoyancy\buoyancy_analytical.h">
      <Filter>src\buoyancy</Filter>
    </ClInclude>
  </ItemGroup>
  <ItemGroup>
    <None Include="src\compute\collision.hlsli">
      <Filter>src\compute</Filter>
    </None>
    <None Include="src\compute\gjk.hlsli">
      <Filter>src\compute</Filter>
    </None>
    <None Include="src\compute\physics_types.hlsli">
      <Filter>src\compute</Filter>
    </None>
    <None Include="src\buoyancy\buoyancy_sampler.hlsli">
      <Filter>src\buoyancy</Filter>
    </None>
  </ItemGroup>
  <ItemGroup>
    <ShaderBuild Include="src\compute\collide.hlsl">
      <Filter>src\compute</Filter>
    </ShaderBuild>
    <ShaderBuild Include="src\compute\integrate.hlsl">
      <Filter>src\compute</Filter>
    </ShaderBuild>
    <ShaderBuild Include="src\compute\frame_output.hlsl">
      <Filter>src\compute</Filter>
    </ShaderBuild>
    <ShaderBuild Include="src\compute\resolve.hlsl">
      <Filter>src\compute</Filter>
    </ShaderBuild>
    <ShaderBuild Include="src\compute\selective.hlsl">
      <Filter>src\compute</Filter>
    </ShaderBuild>
    <ShaderBuild Include="src\compute\sleep.hlsl">
      <Filter>src\compute</Filter>
    </ShaderBuild>
    <ShaderBuild Include="src\compute\sweep.hlsl">
      <Filter>src\compute</Filter>
    </ShaderBuild>
    <ShaderBuild Include="src\buoyancy\gpu_buoyancy.hlsl">
      <Filter>src\buoyancy</Filter>
    </ShaderBuild>
  </ItemGroup>
  <ItemGroup>
    <ResourceCompile Include="src\compute\compute_shaders_physics.rc">
      <Filter>src\compute</Filter>
    </ResourceCompile>
  </ItemGroup>
</Project>