<?xml version="1.0" encoding="utf-8"?>
<Project ToolsVersion="15.0" xmlns="http://schemas.microsoft.com/developer/msbuild/2003">
  <ItemGroup>
    <Filter Include="src">
      <UniqueIdentifier>{6C6E2A2B-2C1A-4D0E-9C3E-6C9C8B4B2B39}</UniqueIdentifier>
      <Extensions>cpp;c;cc;cxx;def;odl;idl;hpj;bat;asm;asmx</Extensions>
    </Filter>
  </ItemGroup>
  <ItemGroup>
    <ClInclude Include="src/forward.h">
      <Filter>src</Filter>
    </ClInclude>
    <ClInclude Include="src/checksum.h">
      <Filter>src</Filter>
    </ClInclude>
    <ClInclude Include="src/workload_generators.h">
      <Filter>src</Filter>
    </ClInclude>
    <ClInclude Include="src/reader_drivers.h">
      <Filter>src</Filter>
    </ClInclude>
    <ClCompile Include="src/main.cpp">
      <Filter>src</Filter>
    </ClCompile>
  </ItemGroup>
</Project>
