<?xml version="1.0" encoding="utf-8"?>
<Project ToolsVersion="15.0" xmlns="http://schemas.microsoft.com/developer/msbuild/2003">
  <ItemGroup>
    <Filter Include="src">
      <UniqueIdentifier>{7a78f2d2-21a4-4286-b0e5-915f079e635b}</UniqueIdentifier>
    </Filter>
    <Filter Include="src\engine">
      <UniqueIdentifier>{0da7dbb2-0029-477a-820b-0989d19308cc}</UniqueIdentifier>
    </Filter>
    <Filter Include="src\synth">
      <UniqueIdentifier>{97d4739a-d10b-413a-9d70-94c4fe505079}</UniqueIdentifier>
    </Filter>
    <Filter Include="sdk">
      <UniqueIdentifier>{c1b2a3d4-5e6f-4789-9abc-def012345678}</UniqueIdentifier>
    </Filter>
  </ItemGroup>
  <ItemGroup>
    <ClInclude Include="$(RylogicRoot)include\pr\audio\audio.h">
      <Filter>src</Filter>
    </ClInclude>
    <ClInclude Include="$(RylogicRoot)include\pr\audio\engine.h">
      <Filter>src\engine</Filter>
    </ClInclude>
    <ClInclude Include="$(RylogicRoot)include\pr\audio\forward.h">
      <Filter>src</Filter>
    </ClInclude>
    <ClInclude Include="$(RylogicRoot)include\pr\audio\synth\note.h">
      <Filter>src\synth</Filter>
    </ClInclude>
    <ClInclude Include="$(RylogicRoot)include\pr\audio\synth\synth.h">
      <Filter>src\synth</Filter>
    </ClInclude>
    <ClInclude Include="$(RylogicRoot)include\pr\audio\types.h">
      <Filter>src</Filter>
    </ClInclude>
    <ClInclude Include="engine\handle_util.h">
      <Filter>src\engine</Filter>
    </ClInclude>
    <ClInclude Include="engine\stream.h">
      <Filter>src\engine</Filter>
    </ClInclude>
    <ClCompile Include="engine\engine.cpp">
      <Filter>src\engine</Filter>
    </ClCompile>
    <ClCompile Include="engine\stream.cpp">
      <Filter>src\engine</Filter>
    </ClCompile>
    <ClCompile Include="$(RylogicRoot)sdk\ogg\ogg.c">
      <Filter>sdk</Filter>
    </ClCompile>
    <ClCompile Include="$(RylogicRoot)sdk\vorbis\vorbis.c">
      <Filter>sdk</Filter>
    </ClCompile>
  </ItemGroup>
  <ItemGroup>
    <None Include="readme.md" />
    <None Include="third-party-notices.txt" />
  </ItemGroup>
</Project>
